{
  "name": "js-tutorials",
  "lockfileVersion": 2,
  "requires": true,
  "packages": {
    "": {
      "dependencies": {
        "heo-palindrome": "^0.1.0"
      }
    },
    "node_modules/heo-palindrome": {
      "version": "0.1.0",
      "resolved": "https://registry.npmjs.org/heo-palindrome/-/heo-palindrome-0.1.0.tgz",
      "integrity": "sha512-BArGXhi8hc79ghdzG+zcrKj+aeNX3RQzOopkSHyOjRZ687pbAcpgmvTwY/Gv87RchWHbvuolRdcANdf1La0CQw=="
    }
  },
  "dependencies": {
    "heo-palindrome": {
      "version": "0.1.0",
      "resolved": "https://registry.npmjs.org/heo-palindrome/-/heo-palindrome-0.1.0.tgz",
      "integrity": "sha512-BArGXhi8hc79ghdzG+zcrKj+aeNX3RQzOopkSHyOjRZ687pbAcpgmvTwY/Gv87RchWHbvuolRdcANdf1La0CQw=="
    }
  }
}
